# This file is autogenerated, do not edit; changes may be undone by the next 'dep ensure'.


[[projects]]
  branch = "master"
  name = "github.com/dictav/test-go-dep1"
  packages = ["."]
  revision = "0b45b76e751b5711f3fc5e1a12cee1e88f709f3c"

[solve-meta]
  analyzer-name = "dep"
  analyzer-version = 1
  inputs-digest = "115607af2ea1370f1e369690a135df7e3dfe6e1ed8fe1cbe8cc5299b36f7417f"
  solver-name = "gps-cdcl"
  solver-version = 1
